
Microsoft Visual Studio Solution File, Format Version 12.00
# Visual Studio Version 16
VisualStudioVersion = 16.0.30114.105
MinimumVisualStudioVersion = 10.0.40219.1
Project("{FAE04EC0-301F-11D3-BF4B-00C04F79EFBC}") = "Jokenpo", "Jokenpo\Jokenpo.csproj", "{A8E92298-2BB9-44BE-9552-7825F122355A}"
EndProject
Project("{FAE04EC0-301F-11D3-BF4B-00C04F79EFBC}") = "JokenpoTeste", "JokenpoTeste\JokenpoTeste.csproj", "{FD379259-1951-45DE-B4A7-D0C7A9098EDE}"
EndProject
Global
	GlobalSection(SolutionConfigurationPlatforms) = preSolution
		Debug|Any CPU = Debug|Any CPU
		Debug|x64 = Debug|x64
		Debug|x86 = Debug|x86
		Release|Any CPU = Release|Any CPU
		Release|x64 = Release|x64
		Release|x86 = Release|x86
	EndGlobalSection
	GlobalSection(SolutionProperties) = preSolution
		HideSolutionNode = FALSE
	EndGlobalSection
	GlobalSection(ProjectConfigurationPlatforms) = postSolution
		{A8E92298-2BB9-44BE-9552-7825F122355A}.Debug|Any CPU.ActiveCfg = Debug|Any CPU
		{A8E92298-2BB9-44BE-9552-7825F122355A}.Debug|Any CPU.Build.0 = Debug|Any CPU
		{A8E92298-2BB9-44BE-9552-7825F122355A}.Debug|x64.ActiveCfg = Debug|Any CPU
		{A8E92298-2BB9-44BE-9552-7825F122355A}.Debug|x64.Build.0 = Debug|Any CPU
		{A8E92298-2BB9-44BE-9552-7825F122355A}.Debug|x86.ActiveCfg = Debug|Any CPU
		{A8E92298-2BB9-44BE-9552-7825F122355A}.Debug|x86.Build.0 = Debug|Any CPU
		{A8E92298-2BB9-44BE-9552-7825F122355A}.Release|Any CPU.ActiveCfg = Release|Any CPU
		{A8E92298-2BB9-44BE-9552-7825F122355A}.Release|Any CPU.Build.0 = Release|Any CPU
		{A8E92298-2BB9-44BE-9552-7825F122355A}.Release|x64.ActiveCfg = Release|Any CPU
		{A8E92298-2BB9-44BE-9552-7825F122355A}.Release|x64.Build.0 = Release|Any CPU
		{A8E92298-2BB9-44BE-9552-7825F122355A}.Release|x86.ActiveCfg = Release|Any CPU
		{A8E92298-2BB9-44BE-9552-7825F122355A}.Release|x86.Build.0 = Release|Any CPU
		{FD379259-1951-45DE-B4A7-D0C7A9098EDE}.Debug|Any CPU.ActiveCfg = Debug|Any CPU
		{FD379259-1951-45DE-B4A7-D0C7A9098EDE}.Debug|Any CPU.Build.0 = Debug|Any CPU
		{FD379259-1951-45DE-B4A7-D0C7A9098EDE}.Debug|x64.ActiveCfg = Debug|Any CPU
		{FD379259-1951-45DE-B4A7-D0C7A9098EDE}.Debug|x64.Build.0 = Debug|Any CPU
		{FD379259-1951-45DE-B4A7-D0C7A9098EDE}.Debug|x86.ActiveCfg = Debug|Any CPU
		{FD379259-1951-45DE-B4A7-D0C7A9098EDE}.Debug|x86.Build.0 = Debug|Any CPU
		{FD379259-1951-45DE-B4A7-D0C7A9098EDE}.Release|Any CPU.ActiveCfg = Release|Any CPU
		{FD379259-1951-45DE-B4A7-D0C7A9098EDE}.Release|Any CPU.Build.0 = Release|Any CPU
		{FD379259-1951-45DE-B4A7-D0C7A9098EDE}.Release|x64.ActiveCfg = Release|Any CPU
		{FD379259-1951-45DE-B4A7-D0C7A9098EDE}.Release|x64.Build.0 = Release|Any CPU
		{FD379259-1951-45DE-B4A7-D0C7A9098EDE}.Release|x86.ActiveCfg = Release|Any CPU
		{FD379259-1951-45DE-B4A7-D0C7A9098EDE}.Release|x86.Build.0 = Release|Any CPU
	EndGlobalSection
EndGlobal
